
Microsoft Visual Studio Solution File, Format Version 12.00
# Visual Studio Version 16
VisualStudioVersion = 16.0.31515.178
MinimumVisualStudioVersion = 10.0.40219.1
Project("{2150E333-8FDC-42A3-9474-1A3956D46DE8}") = "Common", "Common", "{B49EBAA6-75C9-4A98-8496-02787B2BE921}"
EndProject
Project("{2150E333-8FDC-42A3-9474-1A3956D46DE8}") = "Data", "Data", "{2230F2E7-7F6E-46C4-98B2-C2252E94BF15}"
EndProject
Project("{2150E333-8FDC-42A3-9474-1A3956D46DE8}") = "Services", "Services", "{9A9914BA-022C-4E47-85EE-F80752C3E74D}"
EndProject
Project("{2150E333-8FDC-42A3-9474-1A3956D46DE8}") = "UI", "UI", "{95A20DEA-2EE2-4F8F-95CA-466D255A636D}"
EndProject
Project("{9A19103F-16F7-4668-BE54-9A1E7A4F7556}") = "WPRMebel.Domain", "WPRMebel.Domain\WPRMebel.Domain.csproj", "{8C3151B8-A007-4824-B741-CB6B7B1D6C8B}"
	ProjectSection(ProjectDependencies) = postProject
		{9E5CDACE-9E03-4BD9-B9D3-7939A208DB51} = {9E5CDACE-9E03-4BD9-B9D3-7939A208DB51}
	EndProjectSection
EndProject
Project("{9A19103F-16F7-4668-BE54-9A1E7A4F7556}") = "WPRMebel.DB", "WPRMebel.DB\WPRMebel.DB.csproj", "{F60F0ACC-CA94-4414-9AA3-6BF797F565E4}"
	ProjectSection(ProjectDependencies) = postProject
		{E829CDA7-CC4F-42E8-9D49-9EAA9D2317B5} = {E829CDA7-CC4F-42E8-9D49-9EAA9D2317B5}
	EndProjectSection
EndProject
Project("{9A19103F-16F7-4668-BE54-9A1E7A4F7556}") = "WPRMebel.DB.SqLite", "WPRMebel.DB.SqLite\WPRMebel.DB.SqLite.csproj", "{5F6789FE-04D8-4901-B544-5205337B67E8}"
	ProjectSection(ProjectDependencies) = postProject
		{F60F0ACC-CA94-4414-9AA3-6BF797F565E4} = {F60F0ACC-CA94-4414-9AA3-6BF797F565E4}
	EndProjectSection
EndProject
Project("{9A19103F-16F7-4668-BE54-9A1E7A4F7556}") = "WPRMebel.Interfaces", "WPRMebel.Interfaces\WPRMebel.Interfaces.csproj", "{DFF3D3A7-9A5F-48A9-B9A9-85ABB914E813}"
	ProjectSection(ProjectDependencies) = postProject
		{E829CDA7-CC4F-42E8-9D49-9EAA9D2317B5} = {E829CDA7-CC4F-42E8-9D49-9EAA9D2317B5}
		{8C3151B8-A007-4824-B741-CB6B7B1D6C8B} = {8C3151B8-A007-4824-B741-CB6B7B1D6C8B}
	EndProjectSection
EndProject
Project("{9A19103F-16F7-4668-BE54-9A1E7A4F7556}") = "WPRMebel.WPF", "WPRMebel.WPF\WPRMebel.WPF.csproj", "{D03305F3-77CE-420D-926B-BE65F4B3ACCB}"
	ProjectSection(ProjectDependencies) = postProject
		{FFF7780C-84AB-41AB-A16E-CF7D92724C17} = {FFF7780C-84AB-41AB-A16E-CF7D92724C17}
	EndProjectSection
EndProject
Project("{2150E333-8FDC-42A3-9474-1A3956D46DE8}") = "Tests", "Tests", "{48C9FB50-FA56-4F88-9C52-918C98BC88C9}"
EndProject
Project("{9A19103F-16F7-4668-BE54-9A1E7A4F7556}") = "WPRMebel.TestConsole", "WPRMebel.TestConsole\WPRMebel.TestConsole.csproj", "{76700400-F091-49F6-BD0C-BC487178CF7B}"
	ProjectSection(ProjectDependencies) = postProject
		{AAD1C184-5194-46C9-BE93-0C0642DA32E5} = {AAD1C184-5194-46C9-BE93-0C0642DA32E5}
		{DFF3D3A7-9A5F-48A9-B9A9-85ABB914E813} = {DFF3D3A7-9A5F-48A9-B9A9-85ABB914E813}
		{8C3151B8-A007-4824-B741-CB6B7B1D6C8B} = {8C3151B8-A007-4824-B741-CB6B7B1D6C8B}
	EndProjectSection
EndProject
Project("{9A19103F-16F7-4668-BE54-9A1E7A4F7556}") = "WPRMebel.WpfAPI", "WPRMebel.WpfAPI\WPRMebel.WpfAPI.csproj", "{FFF7780C-84AB-41AB-A16E-CF7D92724C17}"
	ProjectSection(ProjectDependencies) = postProject
		{DFF3D3A7-9A5F-48A9-B9A9-85ABB914E813} = {DFF3D3A7-9A5F-48A9-B9A9-85ABB914E813}
		{8C3151B8-A007-4824-B741-CB6B7B1D6C8B} = {8C3151B8-A007-4824-B741-CB6B7B1D6C8B}
	EndProjectSection
EndProject
Project("{9A19103F-16F7-4668-BE54-9A1E7A4F7556}") = "WPRMebel.Domain.Base", "WPRMebel.Domain.Base\WPRMebel.Domain.Base.csproj", "{9E5CDACE-9E03-4BD9-B9D3-7939A208DB51}"
	ProjectSection(ProjectDependencies) = postProject
		{E829CDA7-CC4F-42E8-9D49-9EAA9D2317B5} = {E829CDA7-CC4F-42E8-9D49-9EAA9D2317B5}
	EndProjectSection
EndProject
Project("{9A19103F-16F7-4668-BE54-9A1E7A4F7556}") = "WPRMebel.Interfaces.Base", "WPRMebel.Interfaces.Base\WPRMebel.Interfaces.Base.csproj", "{E829CDA7-CC4F-42E8-9D49-9EAA9D2317B5}"
EndProject
Project("{9A19103F-16F7-4668-BE54-9A1E7A4F7556}") = "WPR", "..\WPR\WPR\WPR.csproj", "{5563F3B2-E2E9-41A9-8F3C-2744E2D6B6CF}"
EndProject
Project("{9A19103F-16F7-4668-BE54-9A1E7A4F7556}") = "WPRMebel.DB.TestSqlServer", "WPRMebel.DB.TestSqlServer\WPRMebel.DB.TestSqlServer.csproj", "{AAD1C184-5194-46C9-BE93-0C0642DA32E5}"
EndProject
Project("{FAE04EC0-301F-11D3-BF4B-00C04F79EFBC}") = "WPRMebel.Entityes", "Data\WPRMebel.Entityes\WPRMebel.Entityes.csproj", "{8D8A56DC-B540-404A-A49B-1FF761E63382}"
EndProject
Global
	GlobalSection(SolutionConfigurationPlatforms) = preSolution
		Debug|Any CPU = Debug|Any CPU
		Release|Any CPU = Release|Any CPU
	EndGlobalSection
	GlobalSection(ProjectConfigurationPlatforms) = postSolution
		{8C3151B8-A007-4824-B741-CB6B7B1D6C8B}.Debug|Any CPU.ActiveCfg = Debug|Any CPU
		{8C3151B8-A007-4824-B741-CB6B7B1D6C8B}.Debug|Any CPU.Build.0 = Debug|Any CPU
		{8C3151B8-A007-4824-B741-CB6B7B1D6C8B}.Release|Any CPU.ActiveCfg = Release|Any CPU
		{8C3151B8-A007-4824-B741-CB6B7B1D6C8B}.Release|Any CPU.Build.0 = Release|Any CPU
		{F60F0ACC-CA94-4414-9AA3-6BF797F565E4}.Debug|Any CPU.ActiveCfg = Debug|Any CPU
		{F60F0ACC-CA94-4414-9AA3-6BF797F565E4}.Debug|Any CPU.Build.0 = Debug|Any CPU
		{F60F0ACC-CA94-4414-9AA3-6BF797F565E4}.Release|Any CPU.ActiveCfg = Release|Any CPU
		{F60F0ACC-CA94-4414-9AA3-6BF797F565E4}.Release|Any CPU.Build.0 = Release|Any CPU
		{5F6789FE-04D8-4901-B544-5205337B67E8}.Debug|Any CPU.ActiveCfg = Debug|Any CPU
		{5F6789FE-04D8-4901-B544-5205337B67E8}.Debug|Any CPU.Build.0 = Debug|Any CPU
		{5F6789FE-04D8-4901-B544-5205337B67E8}.Release|Any CPU.ActiveCfg = Release|Any CPU
		{5F6789FE-04D8-4901-B544-5205337B67E8}.Release|Any CPU.Build.0 = Release|Any CPU
		{DFF3D3A7-9A5F-48A9-B9A9-85ABB914E813}.Debug|Any CPU.ActiveCfg = Debug|Any CPU
		{DFF3D3A7-9A5F-48A9-B9A9-85ABB914E813}.Debug|Any CPU.Build.0 = Debug|Any CPU
		{DFF3D3A7-9A5F-48A9-B9A9-85ABB914E813}.Release|Any CPU.ActiveCfg = Release|Any CPU
		{DFF3D3A7-9A5F-48A9-B9A9-85ABB914E813}.Release|Any CPU.Build.0 = Release|Any CPU
		{D03305F3-77CE-420D-926B-BE65F4B3ACCB}.Debug|Any CPU.ActiveCfg = Debug|Any CPU
		{D03305F3-77CE-420D-926B-BE65F4B3ACCB}.Debug|Any CPU.Build.0 = Debug|Any CPU
		{D03305F3-77CE-420D-926B-BE65F4B3ACCB}.Release|Any CPU.ActiveCfg = Release|Any CPU
		{D03305F3-77CE-420D-926B-BE65F4B3ACCB}.Release|Any CPU.Build.0 = Release|Any CPU
		{76700400-F091-49F6-BD0C-BC487178CF7B}.Debug|Any CPU.ActiveCfg = Debug|Any CPU
		{76700400-F091-49F6-BD0C-BC487178CF7B}.Debug|Any CPU.Build.0 = Debug|Any CPU
		{76700400-F091-49F6-BD0C-BC487178CF7B}.Release|Any CPU.ActiveCfg = Release|Any CPU
		{76700400-F091-49F6-BD0C-BC487178CF7B}.Release|Any CPU.Build.0 = Release|Any CPU
		{FFF7780C-84AB-41AB-A16E-CF7D92724C17}.Debug|Any CPU.ActiveCfg = Debug|Any CPU
		{FFF7780C-84AB-41AB-A16E-CF7D92724C17}.Debug|Any CPU.Build.0 = Debug|Any CPU
		{FFF7780C-84AB-41AB-A16E-CF7D92724C17}.Release|Any CPU.ActiveCfg = Release|Any CPU
		{FFF7780C-84AB-41AB-A16E-CF7D92724C17}.Release|Any CPU.Build.0 = Release|Any CPU
		{9E5CDACE-9E03-4BD9-B9D3-7939A208DB51}.Debug|Any CPU.ActiveCfg = Debug|Any CPU
		{9E5CDACE-9E03-4BD9-B9D3-7939A208DB51}.Debug|Any CPU.Build.0 = Debug|Any CPU
		{9E5CDACE-9E03-4BD9-B9D3-7939A208DB51}.Release|Any CPU.ActiveCfg = Release|Any CPU
		{9E5CDACE-9E03-4BD9-B9D3-7939A208DB51}.Release|Any CPU.Build.0 = Release|Any CPU
		{E829CDA7-CC4F-42E8-9D49-9EAA9D2317B5}.Debug|Any CPU.ActiveCfg = Debug|Any CPU
		{E829CDA7-CC4F-42E8-9D49-9EAA9D2317B5}.Debug|Any CPU.Build.0 = Debug|Any CPU
		{E829CDA7-CC4F-42E8-9D49-9EAA9D2317B5}.Release|Any CPU.ActiveCfg = Release|Any CPU
		{E829CDA7-CC4F-42E8-9D49-9EAA9D2317B5}.Release|Any CPU.Build.0 = Release|Any CPU
		{5563F3B2-E2E9-41A9-8F3C-2744E2D6B6CF}.Debug|Any CPU.ActiveCfg = Debug|Any CPU
		{5563F3B2-E2E9-41A9-8F3C-2744E2D6B6CF}.Debug|Any CPU.Build.0 = Debug|Any CPU
		{5563F3B2-E2E9-41A9-8F3C-2744E2D6B6CF}.Release|Any CPU.ActiveCfg = Release|Any CPU
		{5563F3B2-E2E9-41A9-8F3C-2744E2D6B6CF}.Release|Any CPU.Build.0 = Release|Any CPU
		{AAD1C184-5194-46C9-BE93-0C0642DA32E5}.Debug|Any CPU.ActiveCfg = Debug|Any CPU
		{AAD1C184-5194-46C9-BE93-0C0642DA32E5}.Debug|Any CPU.Build.0 = Debug|Any CPU
		{AAD1C184-5194-46C9-BE93-0C0642DA32E5}.Release|Any CPU.ActiveCfg = Release|Any CPU
		{AAD1C184-5194-46C9-BE93-0C0642DA32E5}.Release|Any CPU.Build.0 = Release|Any CPU
		{8D8A56DC-B540-404A-A49B-1FF761E63382}.Debug|Any CPU.ActiveCfg = Debug|Any CPU
		{8D8A56DC-B540-404A-A49B-1FF761E63382}.Debug|Any CPU.Build.0 = Debug|Any CPU
		{8D8A56DC-B540-404A-A49B-1FF761E63382}.Release|Any CPU.ActiveCfg = Release|Any CPU
		{8D8A56DC-B540-404A-A49B-1FF761E63382}.Release|Any CPU.Build.0 = Release|Any CPU
	EndGlobalSection
	GlobalSection(SolutionProperties) = preSolution
		HideSolutionNode = FALSE
	EndGlobalSection
	GlobalSection(NestedProjects) = preSolution
		{8C3151B8-A007-4824-B741-CB6B7B1D6C8B} = {B49EBAA6-75C9-4A98-8496-02787B2BE921}
		{F60F0ACC-CA94-4414-9AA3-6BF797F565E4} = {2230F2E7-7F6E-46C4-98B2-C2252E94BF15}
		{5F6789FE-04D8-4901-B544-5205337B67E8} = {2230F2E7-7F6E-46C4-98B2-C2252E94BF15}
		{DFF3D3A7-9A5F-48A9-B9A9-85ABB914E813} = {9A9914BA-022C-4E47-85EE-F80752C3E74D}
		{D03305F3-77CE-420D-926B-BE65F4B3ACCB} = {95A20DEA-2EE2-4F8F-95CA-466D255A636D}
		{76700400-F091-49F6-BD0C-BC487178CF7B} = {48C9FB50-FA56-4F88-9C52-918C98BC88C9}
		{FFF7780C-84AB-41AB-A16E-CF7D92724C17} = {9A9914BA-022C-4E47-85EE-F80752C3E74D}
		{9E5CDACE-9E03-4BD9-B9D3-7939A208DB51} = {B49EBAA6-75C9-4A98-8496-02787B2BE921}
		{E829CDA7-CC4F-42E8-9D49-9EAA9D2317B5} = {9A9914BA-022C-4E47-85EE-F80752C3E74D}
		{5563F3B2-E2E9-41A9-8F3C-2744E2D6B6CF} = {95A20DEA-2EE2-4F8F-95CA-466D255A636D}
		{AAD1C184-5194-46C9-BE93-0C0642DA32E5} = {2230F2E7-7F6E-46C4-98B2-C2252E94BF15}
		{8D8A56DC-B540-404A-A49B-1FF761E63382} = {2230F2E7-7F6E-46C4-98B2-C2252E94BF15}
	EndGlobalSection
	GlobalSection(ExtensibilityGlobals) = postSolution
		SolutionGuid = {5DB89A14-1433-4CDA-8775-AF89D987A0C0}
	EndGlobalSection
EndGlobal
